
Microsoft Visual Studio Solution File, Format Version 12.00
# Visual Studio Version 17
VisualStudioVersion = 17.0.31903.59
MinimumVisualStudioVersion = 10.0.40219.1
Project("{FAE04EC0-301F-11D3-BF4B-00C04F79EFBC}") = "CartingService.BusinessLogic", "BusinessLogic\CartingService.BusinessLogic.csproj", "{D59DEADC-C071-4E99-9761-0B0446FBF73E}"
EndProject
Project("{FAE04EC0-301F-11D3-BF4B-00C04F79EFBC}") = "CartingService.DataAccess", "DataAccess\CartingService.DataAccess.csproj", "{410BDD59-20EA-4942-BF84-9049ACD8066E}"
EndProject
Project("{FAE04EC0-301F-11D3-BF4B-00C04F79EFBC}") = "CartingService.BusinessLogic.UnitTests", "..\..\tests\UnitTests\BusinessLogic\CartingService.BusinessLogic.UnitTests.csproj", "{B03C7CEB-11AC-4158-802F-451FFAFFA7B1}"
EndProject
Project("{FAE04EC0-301F-11D3-BF4B-00C04F79EFBC}") = "CartingService.DataAccess.UnitTests", "..\..\tests\UnitTests\DataAccess\CartingService.DataAccess.UnitTests.csproj", "{EE7F00B9-3B23-4A43-A2FD-3F4FE0809063}"
EndProject
Global
	GlobalSection(SolutionConfigurationPlatforms) = preSolution
		Debug|Any CPU = Debug|Any CPU
		Release|Any CPU = Release|Any CPU
	EndGlobalSection
	GlobalSection(SolutionProperties) = preSolution
		HideSolutionNode = FALSE
	EndGlobalSection
	GlobalSection(ProjectConfigurationPlatforms) = postSolution
		{D59DEADC-C071-4E99-9761-0B0446FBF73E}.Debug|Any CPU.ActiveCfg = Debug|Any CPU
		{D59DEADC-C071-4E99-9761-0B0446FBF73E}.Debug|Any CPU.Build.0 = Debug|Any CPU
		{D59DEADC-C071-4E99-9761-0B0446FBF73E}.Release|Any CPU.ActiveCfg = Release|Any CPU
		{D59DEADC-C071-4E99-9761-0B0446FBF73E}.Release|Any CPU.Build.0 = Release|Any CPU
		{410BDD59-20EA-4942-BF84-9049ACD8066E}.Debug|Any CPU.ActiveCfg = Debug|Any CPU
		{410BDD59-20EA-4942-BF84-9049ACD8066E}.Debug|Any CPU.Build.0 = Debug|Any CPU
		{410BDD59-20EA-4942-BF84-9049ACD8066E}.Release|Any CPU.ActiveCfg = Release|Any CPU
		{410BDD59-20EA-4942-BF84-9049ACD8066E}.Release|Any CPU.Build.0 = Release|Any CPU
		{B03C7CEB-11AC-4158-802F-451FFAFFA7B1}.Debug|Any CPU.ActiveCfg = Debug|Any CPU
		{B03C7CEB-11AC-4158-802F-451FFAFFA7B1}.Debug|Any CPU.Build.0 = Debug|Any CPU
		{B03C7CEB-11AC-4158-802F-451FFAFFA7B1}.Release|Any CPU.ActiveCfg = Release|Any CPU
		{B03C7CEB-11AC-4158-802F-451FFAFFA7B1}.Release|Any CPU.Build.0 = Release|Any CPU
		{EE7F00B9-3B23-4A43-A2FD-3F4FE0809063}.Debug|Any CPU.ActiveCfg = Debug|Any CPU
		{EE7F00B9-3B23-4A43-A2FD-3F4FE0809063}.Debug|Any CPU.Build.0 = Debug|Any CPU
		{EE7F00B9-3B23-4A43-A2FD-3F4FE0809063}.Release|Any CPU.ActiveCfg = Release|Any CPU
		{EE7F00B9-3B23-4A43-A2FD-3F4FE0809063}.Release|Any CPU.Build.0 = Release|Any CPU
	EndGlobalSection
EndGlobal
